lockfileVersion: '9.0'

settings:
  autoInstallPeers: true
  excludeLinksFromLockfile: false

importers:

  .:
    dependencies:
      '@faker-js/faker':
        specifier: ^9.2.0
        version: 9.2.0

packages:

  '@faker-js/faker@9.2.0':
    resolution: {integrity: sha512-ulqQu4KMr1/sTFIYvqSdegHT8NIkt66tFAkugGnHA+1WAfEn6hMzNR+svjXGFRVLnapxvej67Z/LwchFrnLBUg==}
    engines: {node: '>=18.0.0', npm: '>=9.0.0'}

snapshots:

  '@faker-js/faker@9.2.0': {}
